
Microsoft Visual Studio Solution File, Format Version 12.00
# Visual Studio Version 16
VisualStudioVersion = 16.0.31321.278
MinimumVisualStudioVersion = 10.0.40219.1
Project("{9A19103F-16F7-4668-BE54-9A1E7A4F7556}") = "gerenciamentoDeProdutos2", "gerenciamentoDeProdutos2\gerenciamentoDeProdutos2.csproj", "{DBCB7FD3-2829-48DF-8EB7-FFE8F8222EDC}"
	ProjectSection(ProjectDependencies) = postProject
		{DD88D26F-F24A-4DA3-BF34-5AE961AEE962} = {DD88D26F-F24A-4DA3-BF34-5AE961AEE962}
		{0B1CEDAD-4A77-40B6-BDAB-07F1E42D5FD4} = {0B1CEDAD-4A77-40B6-BDAB-07F1E42D5FD4}
	EndProjectSection
EndProject
Project("{9A19103F-16F7-4668-BE54-9A1E7A4F7556}") = "Business", "Business\Business.csproj", "{0B1CEDAD-4A77-40B6-BDAB-07F1E42D5FD4}"
	ProjectSection(ProjectDependencies) = postProject
		{11D7EE0D-4ECD-4B5A-A06A-9138260A3E89} = {11D7EE0D-4ECD-4B5A-A06A-9138260A3E89}
		{DD88D26F-F24A-4DA3-BF34-5AE961AEE962} = {DD88D26F-F24A-4DA3-BF34-5AE961AEE962}
	EndProjectSection
EndProject
Project("{9A19103F-16F7-4668-BE54-9A1E7A4F7556}") = "Model", "Model\Model.csproj", "{DD88D26F-F24A-4DA3-BF34-5AE961AEE962}"
EndProject
Project("{9A19103F-16F7-4668-BE54-9A1E7A4F7556}") = "Persistence", "Persistence\Persistence.csproj", "{11D7EE0D-4ECD-4B5A-A06A-9138260A3E89}"
	ProjectSection(ProjectDependencies) = postProject
		{DD88D26F-F24A-4DA3-BF34-5AE961AEE962} = {DD88D26F-F24A-4DA3-BF34-5AE961AEE962}
	EndProjectSection
EndProject
Global
	GlobalSection(SolutionConfigurationPlatforms) = preSolution
		Debug|Any CPU = Debug|Any CPU
		Release|Any CPU = Release|Any CPU
	EndGlobalSection
	GlobalSection(ProjectConfigurationPlatforms) = postSolution
		{DBCB7FD3-2829-48DF-8EB7-FFE8F8222EDC}.Debug|Any CPU.ActiveCfg = Debug|Any CPU
		{DBCB7FD3-2829-48DF-8EB7-FFE8F8222EDC}.Debug|Any CPU.Build.0 = Debug|Any CPU
		{DBCB7FD3-2829-48DF-8EB7-FFE8F8222EDC}.Release|Any CPU.ActiveCfg = Release|Any CPU
		{DBCB7FD3-2829-48DF-8EB7-FFE8F8222EDC}.Release|Any CPU.Build.0 = Release|Any CPU
		{0B1CEDAD-4A77-40B6-BDAB-07F1E42D5FD4}.Debug|Any CPU.ActiveCfg = Debug|Any CPU
		{0B1CEDAD-4A77-40B6-BDAB-07F1E42D5FD4}.Debug|Any CPU.Build.0 = Debug|Any CPU
		{0B1CEDAD-4A77-40B6-BDAB-07F1E42D5FD4}.Release|Any CPU.ActiveCfg = Release|Any CPU
		{0B1CEDAD-4A77-40B6-BDAB-07F1E42D5FD4}.Release|Any CPU.Build.0 = Release|Any CPU
		{DD88D26F-F24A-4DA3-BF34-5AE961AEE962}.Debug|Any CPU.ActiveCfg = Debug|Any CPU
		{DD88D26F-F24A-4DA3-BF34-5AE961AEE962}.Debug|Any CPU.Build.0 = Debug|Any CPU
		{DD88D26F-F24A-4DA3-BF34-5AE961AEE962}.Release|Any CPU.ActiveCfg = Release|Any CPU
		{DD88D26F-F24A-4DA3-BF34-5AE961AEE962}.Release|Any CPU.Build.0 = Release|Any CPU
		{11D7EE0D-4ECD-4B5A-A06A-9138260A3E89}.Debug|Any CPU.ActiveCfg = Debug|Any CPU
		{11D7EE0D-4ECD-4B5A-A06A-9138260A3E89}.Debug|Any CPU.Build.0 = Debug|Any CPU
		{11D7EE0D-4ECD-4B5A-A06A-9138260A3E89}.Release|Any CPU.ActiveCfg = Release|Any CPU
		{11D7EE0D-4ECD-4B5A-A06A-9138260A3E89}.Release|Any CPU.Build.0 = Release|Any CPU
	EndGlobalSection
	GlobalSection(SolutionProperties) = preSolution
		HideSolutionNode = FALSE
	EndGlobalSection
	GlobalSection(ExtensibilityGlobals) = postSolution
		SolutionGuid = {9C79C989-5A46-47B2-A100-605265B7930D}
	EndGlobalSection
EndGlobal
